
Microsoft Visual Studio Solution File, Format Version 12.00
# Visual Studio Version 17
VisualStudioVersion = 17.11.35222.181
MinimumVisualStudioVersion = 10.0.40219.1
Project("{FAE04EC0-301F-11D3-BF4B-00C04F79EFBC}") = "Main.app", "Main.app\Main.app.csproj", "{787326D9-A6E7-42D4-8D8B-ABAE4A91C344}"
EndProject
Global
	GlobalSection(SolutionConfigurationPlatforms) = preSolution
		Debug|Any CPU = Debug|Any CPU
		Release|Any CPU = Release|Any CPU
	EndGlobalSection
	GlobalSection(ProjectConfigurationPlatforms) = postSolution
		{787326D9-A6E7-42D4-8D8B-ABAE4A91C344}.Debug|Any CPU.ActiveCfg = Debug|Any CPU
		{787326D9-A6E7-42D4-8D8B-ABAE4A91C344}.Debug|Any CPU.Build.0 = Debug|Any CPU
		{787326D9-A6E7-42D4-8D8B-ABAE4A91C344}.Release|Any CPU.ActiveCfg = Release|Any CPU
		{787326D9-A6E7-42D4-8D8B-ABAE4A91C344}.Release|Any CPU.Build.0 = Release|Any CPU
	EndGlobalSection
	GlobalSection(SolutionProperties) = preSolution
		HideSolutionNode = FALSE
	EndGlobalSection
	GlobalSection(ExtensibilityGlobals) = postSolution
		SolutionGuid = {29D4D701-22C7-46EA-B351-93867BFADE1B}
	EndGlobalSection
EndGlobal
